
Microsoft Visual Studio Solution File, Format Version 12.00
Project("{FAE04EC0-301F-11D3-BF4B-00C04F79EFBC}") = "EtAlii.Trends", "EtAlii.Trends\EtAlii.Trends.csproj", "{F7C61B6C-B234-444B-B55D-CB6A5F2906C3}"
EndProject
Project("{2150E333-8FDC-42A3-9474-1A3956D46DE8}") = "_Globals", "_Globals", "{A502606F-2356-4BE5-A8F4-9E74B6E82BBA}"
	ProjectSection(SolutionItems) = preProject
		..\.editorconfig = ..\.editorconfig
		..\.gitignore = ..\.gitignore
		..\Global.json = ..\Global.json
		..\README.md = ..\README.md
	EndProjectSection
EndProject
Global
	GlobalSection(SolutionConfigurationPlatforms) = preSolution
		Debug|Any CPU = Debug|Any CPU
		Release|Any CPU = Release|Any CPU
	EndGlobalSection
	GlobalSection(ProjectConfigurationPlatforms) = postSolution
		{F7C61B6C-B234-444B-B55D-CB6A5F2906C3}.Debug|Any CPU.ActiveCfg = Debug|Any CPU
		{F7C61B6C-B234-444B-B55D-CB6A5F2906C3}.Debug|Any CPU.Build.0 = Debug|Any CPU
		{F7C61B6C-B234-444B-B55D-CB6A5F2906C3}.Release|Any CPU.ActiveCfg = Release|Any CPU
		{F7C61B6C-B234-444B-B55D-CB6A5F2906C3}.Release|Any CPU.Build.0 = Release|Any CPU
	EndGlobalSection
EndGlobal
